// !$*UTF8*$!
{
	archiveVersion = 1;
	classes = {
	};
	objectVersion = 46;
	objects = {

/* Begin PBXBuildFile section */
		04015D5F1C1FB72F00454566 /* NLHealtCalenderPeriod.m in Sources */ = {isa = PBXBuildFile; fileRef = 04015D5E1C1FB72F00454566 /* NLHealtCalenderPeriod.m */; };
		04015D631C1FDD1800454566 /* NLCalenderPicker.m in Sources */ = {isa = PBXBuildFile; fileRef = 04015D621C1FDD1800454566 /* NLCalenderPicker.m */; };
		044255361C1EABAE003F8503 /* NLHealtCalenderCell.m in Sources */ = {isa = PBXBuildFile; fileRef = 044255351C1EABAE003F8503 /* NLHealtCalenderCell.m */; };
		0458E5D91C0E9832001D0EE7 /* NLHealthMangerStepNumViewController.m in Sources */ = {isa = PBXBuildFile; fileRef = 0458E5D81C0E9832001D0EE7 /* NLHealthMangerStepNumViewController.m */; };
		0458E5DC1C0E985C001D0EE7 /* NLHealthMangerSleepViewController.m in Sources */ = {isa = PBXBuildFile; fileRef = 0458E5DB1C0E985C001D0EE7 /* NLHealthMangerSleepViewController.m */; };
		046934EF1C02BF5B00150D2A /* MainNavgationControllew.m in Sources */ = {isa = PBXBuildFile; fileRef = 046934EE1C02BF5B00150D2A /* MainNavgationControllew.m */; };
		046F18451C0D2D3100A21FA6 /* LYDSegmentControl.m in Sources */ = {isa = PBXBuildFile; fileRef = 046F18421C0D2D3100A21FA6 /* LYDSegmentControl.m */; };
		046F18461C0D2D3100A21FA6 /* LYDSetSegmentControl.m in Sources */ = {isa = PBXBuildFile; fileRef = 046F18441C0D2D3100A21FA6 /* LYDSetSegmentControl.m */; };
		046F188B1C0D4A0700A21FA6 /* NLColumnImage.m in Sources */ = {isa = PBXBuildFile; fileRef = 046F188A1C0D4A0700A21FA6 /* NLColumnImage.m */; };
		046F188E1C0D777A00A21FA6 /* NLStepImageLabView.m in Sources */ = {isa = PBXBuildFile; fileRef = 046F188D1C0D777A00A21FA6 /* NLStepImageLabView.m */; };
		047BE7E91C19AB8600821F23 /* NLStepColumnImage.m in Sources */ = {isa = PBXBuildFile; fileRef = 047BE7E81C19AB8600821F23 /* NLStepColumnImage.m */; };
		048EE89D1C2A7AEB00FF5D57 /* NLHealthStepNumberCell.m in Sources */ = {isa = PBXBuildFile; fileRef = 048EE89C1C2A7AEB00FF5D57 /* NLHealthStepNumberCell.m */; };
		049751A11BFEEED50044D97B /* main.m in Sources */ = {isa = PBXBuildFile; fileRef = 049751A01BFEEED50044D97B /* main.m */; };
		049751AA1BFEEED50044D97B /* Main.storyboard in Resources */ = {isa = PBXBuildFile; fileRef = 049751A81BFEEED50044D97B /* Main.storyboard */; };
		049751AC1BFEEED50044D97B /* Assets.xcassets in Resources */ = {isa = PBXBuildFile; fileRef = 049751AB1BFEEED50044D97B /* Assets.xcassets */; };
		049751AF1BFEEED50044D97B /* LaunchScreen.storyboard in Resources */ = {isa = PBXBuildFile; fileRef = 049751AD1BFEEED50044D97B /* LaunchScreen.storyboard */; };
		049751BA1BFEEED60044D97B /* NBlueTests.m in Sources */ = {isa = PBXBuildFile; fileRef = 049751B91BFEEED60044D97B /* NBlueTests.m */; };
		049751C51BFEEED60044D97B /* NBlueUITests.m in Sources */ = {isa = PBXBuildFile; fileRef = 049751C41BFEEED60044D97B /* NBlueUITests.m */; };
		049751DC1BFEF2FE0044D97B /* AppDelegate.m in Sources */ = {isa = PBXBuildFile; fileRef = 049751DB1BFEF2FE0044D97B /* AppDelegate.m */; };
		049751DF1BFEF3140044D97B /* ApplicationStyle.m in Sources */ = {isa = PBXBuildFile; fileRef = 049751DE1BFEF3140044D97B /* ApplicationStyle.m */; };
		049B077D1C1559D4005147B5 /* NLRegisteredViewController.m in Sources */ = {isa = PBXBuildFile; fileRef = 049B077C1C1559D4005147B5 /* NLRegisteredViewController.m */; };
		049B07821C1559ED005147B5 /* NLForgetPasswordViewController.m in Sources */ = {isa = PBXBuildFile; fileRef = 049B077F1C1559ED005147B5 /* NLForgetPasswordViewController.m */; };
		049B07831C1559ED005147B5 /* NLLogInViewController.m in Sources */ = {isa = PBXBuildFile; fileRef = 049B07811C1559ED005147B5 /* NLLogInViewController.m */; };
		04A151971C0DAA9700CB93FF /* NLRingLine.m in Sources */ = {isa = PBXBuildFile; fileRef = 04A151961C0DAA9700CB93FF /* NLRingLine.m */; };
		04A1519A1C0DC3B700CB93FF /* NLRing.m in Sources */ = {isa = PBXBuildFile; fileRef = 04A151991C0DC3B700CB93FF /* NLRing.m */; };
		04C995471C029D6B00D8AE79 /* CoreBluetooth.framework in Frameworks */ = {isa = PBXBuildFile; fileRef = 04C995461C029D6B00D8AE79 /* CoreBluetooth.framework */; };
		04C9954A1C029E8300D8AE79 /* NLBluetoothAgreement.m in Sources */ = {isa = PBXBuildFile; fileRef = 04C995491C029E8300D8AE79 /* NLBluetoothAgreement.m */; };
		04C9954D1C029F2400D8AE79 /* NLBluetoothDataAnalytical.m in Sources */ = {isa = PBXBuildFile; fileRef = 04C9954C1C029F2400D8AE79 /* NLBluetoothDataAnalytical.m */; };
		04C995551C02A40300D8AE79 /* NLRootViewController.m in Sources */ = {isa = PBXBuildFile; fileRef = 04C995541C02A40300D8AE79 /* NLRootViewController.m */; };
		04C995581C02A51000D8AE79 /* NLSubRootViewController.m in Sources */ = {isa = PBXBuildFile; fileRef = 04C995571C02A51000D8AE79 /* NLSubRootViewController.m */; };
		04C9955B1C02A55000D8AE79 /* NLHealthMangerViewController.m in Sources */ = {isa = PBXBuildFile; fileRef = 04C9955A1C02A55000D8AE79 /* NLHealthMangerViewController.m */; };
		04C9955E1C02A56B00D8AE79 /* NLHotMoxibustionViewController.m in Sources */ = {isa = PBXBuildFile; fileRef = 04C9955D1C02A56B00D8AE79 /* NLHotMoxibustionViewController.m */; };
		04C995611C02A57800D8AE79 /* NLProfileViewController.m in Sources */ = {isa = PBXBuildFile; fileRef = 04C995601C02A57800D8AE79 /* NLProfileViewController.m */; };
		04CD22FF1C29221400AB467A /* Warman-568h@2x.png in Resources */ = {isa = PBXBuildFile; fileRef = 04CD22FC1C29221400AB467A /* Warman-568h@2x.png */; };
		04CD23001C29221400AB467A /* Warman@2x.png in Resources */ = {isa = PBXBuildFile; fileRef = 04CD22FD1C29221400AB467A /* Warman@2x.png */; };
		04CD23011C29221400AB467A /* Warman@3x.png in Resources */ = {isa = PBXBuildFile; fileRef = 04CD22FE1C29221400AB467A /* Warman@3x.png */; };
		04CD23121C29310100AB467A /* OLGhostAlertView.m in Sources */ = {isa = PBXBuildFile; fileRef = 04CD23111C29310100AB467A /* OLGhostAlertView.m */; };
		04CDA1751BFF022D00D2A304 /* Foundation.framework in Frameworks */ = {isa = PBXBuildFile; fileRef = 04CDA1741BFF022D00D2A304 /* Foundation.framework */; };
		04CDA17E1BFF119500D2A304 /* Convenlence.m in Sources */ = {isa = PBXBuildFile; fileRef = 04CDA17D1BFF119500D2A304 /* Convenlence.m */; };
		04F04F7B1C06940F009DC949 /* NLIndividuaFormaCell.m in Sources */ = {isa = PBXBuildFile; fileRef = 04F04F7A1C06940F009DC949 /* NLIndividuaFormaCell.m */; };
		04F04F7E1C06D1D1009DC949 /* NLIndividuaEditingViewController.m in Sources */ = {isa = PBXBuildFile; fileRef = 04F04F7D1C06D1D1009DC949 /* NLIndividuaEditingViewController.m */; };
		04F04F811C06E46F009DC949 /* NLPickView.m in Sources */ = {isa = PBXBuildFile; fileRef = 04F04F801C06E46F009DC949 /* NLPickView.m */; };
		04F04F851C073AAC009DC949 /* PlistData.m in Sources */ = {isa = PBXBuildFile; fileRef = 04F04F841C073AAC009DC949 /* PlistData.m */; };
		04F3CC4F1C0434C10066D39D /* Localizable.strings in Resources */ = {isa = PBXBuildFile; fileRef = 04F3CC511C0434C10066D39D /* Localizable.strings */; };
		04F3CC611C0439280066D39D /* NLAboutImageBtn.m in Sources */ = {isa = PBXBuildFile; fileRef = 04F3CC601C0439280066D39D /* NLAboutImageBtn.m */; };
		04F3CC7D1C045F9F0066D39D /* NLHealthSleepView.m in Sources */ = {isa = PBXBuildFile; fileRef = 04F3CC7C1C045F9F0066D39D /* NLHealthSleepView.m */; };
		04F3CC801C0460120066D39D /* NLHealthStepNumber.m in Sources */ = {isa = PBXBuildFile; fileRef = 04F3CC7F1C0460120066D39D /* NLHealthStepNumber.m */; };
		04F3CC831C046D1A0066D39D /* NLHealthCalenderView.m in Sources */ = {isa = PBXBuildFile; fileRef = 04F3CC821C046D1A0066D39D /* NLHealthCalenderView.m */; };
		04F4B7C01C07ED2A00DE60DE /* NLMyEquipmentCell.m in Sources */ = {isa = PBXBuildFile; fileRef = 04F4B7BF1C07ED2A00DE60DE /* NLMyEquipmentCell.m */; };
		04F4B7C41C07FA7100DE60DE /* battery@2x.png in Resources */ = {isa = PBXBuildFile; fileRef = 04F4B7C21C07FA7100DE60DE /* battery@2x.png */; };
		04F4B7C51C07FA7100DE60DE /* battery@3x.png in Resources */ = {isa = PBXBuildFile; fileRef = 04F4B7C31C07FA7100DE60DE /* battery@3x.png */; };
		04F4B7C81C082AD200DE60DE /* NLSQLData.m in Sources */ = {isa = PBXBuildFile; fileRef = 04F4B7C71C082AD200DE60DE /* NLSQLData.m */; };
		04F4B7CF1C083AE500DE60DE /* NLCalenderPackage.m in Sources */ = {isa = PBXBuildFile; fileRef = 04F4B7CE1C083AE500DE60DE /* NLCalenderPackage.m */; };
		04F4B7D21C083B3E00DE60DE /* NLLocalUserInfo.m in Sources */ = {isa = PBXBuildFile; fileRef = 04F4B7D11C083B3E00DE60DE /* NLLocalUserInfo.m */; };
		04F4B7D51C084CFB00DE60DE /* NLFeedBackViewController.m in Sources */ = {isa = PBXBuildFile; fileRef = 04F4B7D41C084CFB00DE60DE /* NLFeedBackViewController.m */; };
		04F4B7D81C085C7000DE60DE /* NLAboutNLViewController.m in Sources */ = {isa = PBXBuildFile; fileRef = 04F4B7D71C085C7000DE60DE /* NLAboutNLViewController.m */; };
		04F5BB1C1C0545CC00B37CE2 /* NLProTableCell.m in Sources */ = {isa = PBXBuildFile; fileRef = 04F5BB1B1C0545CC00B37CE2 /* NLProTableCell.m */; };
		04F5BB1F1C05673F00B37CE2 /* NLMyEquipmentController.m in Sources */ = {isa = PBXBuildFile; fileRef = 04F5BB1E1C05673F00B37CE2 /* NLMyEquipmentController.m */; };
		04F5BB221C05676700B37CE2 /* NLShareController.m in Sources */ = {isa = PBXBuildFile; fileRef = 04F5BB211C05676700B37CE2 /* NLShareController.m */; };
		04F5BB701C05B51A00B37CE2 /* NLIndividuaFormatViewController.m in Sources */ = {isa = PBXBuildFile; fileRef = 04F5BB6F1C05B51A00B37CE2 /* NLIndividuaFormatViewController.m */; };
		04F7F64E1C1BFC9000466EBC /* NLGestureRecognizer.m in Sources */ = {isa = PBXBuildFile; fileRef = 04F7F64D1C1BFC9000466EBC /* NLGestureRecognizer.m */; };
		04FA89BC1C117E400064F3AA /* NLDatahub.m in Sources */ = {isa = PBXBuildFile; fileRef = 04FA89B71C117E400064F3AA /* NLDatahub.m */; };
		04FA89BD1C117E400064F3AA /* NLHTTPRequestFactory.m in Sources */ = {isa = PBXBuildFile; fileRef = 04FA89B91C117E400064F3AA /* NLHTTPRequestFactory.m */; };
		04FA89BE1C117E400064F3AA /* NLHTTPRequestOperations.m in Sources */ = {isa = PBXBuildFile; fileRef = 04FA89BB1C117E400064F3AA /* NLHTTPRequestOperations.m */; };
		04FA89C11C117F780064F3AA /* NLHalfView.m in Sources */ = {isa = PBXBuildFile; fileRef = 04FA89C01C117F780064F3AA /* NLHalfView.m */; };
		04FB47A41C0FDED200FAE708 /* NLStepCountLabView.m in Sources */ = {isa = PBXBuildFile; fileRef = 04FB47A31C0FDED200FAE708 /* NLStepCountLabView.m */; };
		04FF66841C21138A00E276E2 /* NLCalenderLifeHabit.m in Sources */ = {isa = PBXBuildFile; fileRef = 04FF66831C21138A00E276E2 /* NLCalenderLifeHabit.m */; };
		04FF66871C214E8800E276E2 /* NLCalenderUncomfortable.m in Sources */ = {isa = PBXBuildFile; fileRef = 04FF66861C214E8800E276E2 /* NLCalenderUncomfortable.m */; };
		04FF668A1C21578200E276E2 /* NLCalenderUncomforBtn.m in Sources */ = {isa = PBXBuildFile; fileRef = 04FF66891C21578200E276E2 /* NLCalenderUncomforBtn.m */; };
		4A3CFF267937751BD6F2302D /* libPods.a in Frameworks */ = {isa = PBXBuildFile; fileRef = 46E0A4932CCDD3CB9C4B5CFA /* libPods.a */; };
/* End PBXBuildFile section */

/* Begin PBXContainerItemProxy section */
		049751B61BFEEED50044D97B /* PBXContainerItemProxy */ = {
			isa = PBXContainerItemProxy;
			containerPortal = 049751941BFEEED50044D97B /* Project object */;
			proxyType = 1;
			remoteGlobalIDString = 0497519B1BFEEED50044D97B;
			remoteInfo = NBlue;
		};
		049751C11BFEEED60044D97B /* PBXContainerItemProxy */ = {
			isa = PBXContainerItemProxy;
			containerPortal = 049751941BFEEED50044D97B /* Project object */;
			proxyType = 1;
			remoteGlobalIDString = 0497519B1BFEEED50044D97B;
			remoteInfo = NBlue;
		};
/* End PBXContainerItemProxy section */

/* Begin PBXFileReference section */
		04015D5D1C1FB72F00454566 /* NLHealtCalenderPeriod.h */ = {isa = PBXFileReference; fileEncoding = 4; lastKnownFileType = sourcecode.c.h; path = NLHealtCalenderPeriod.h; sourceTree = "<group>"; };
		04015D5E1C1FB72F00454566 /* NLHealtCalenderPeriod.m */ = {isa = PBXFileReference; fileEncoding = 4; lastKnownFileType = sourcecode.c.objc; path = NLHealtCalenderPeriod.m; sourceTree = "<group>"; };
		04015D611C1FDD1800454566 /* NLCalenderPicker.h */ = {isa = PBXFileReference; fileEncoding = 4; lastKnownFileType = sourcecode.c.h; path = NLCalenderPicker.h; sourceTree = "<group>"; };
		04015D621C1FDD1800454566 /* NLCalenderPicker.m */ = {isa = PBXFileReference; fileEncoding = 4; lastKnownFileType = sourcecode.c.objc; path = NLCalenderPicker.m; sourceTree = "<group>"; };
		044255341C1EABAE003F8503 /* NLHealtCalenderCell.h */ = {isa = PBXFileReference; fileEncoding = 4; lastKnownFileType = sourcecode.c.h; path = NLHealtCalenderCell.h; sourceTree = "<group>"; };
		044255351C1EABAE003F8503 /* NLHealtCalenderCell.m */ = {isa = PBXFileReference; fileEncoding = 4; lastKnownFileType = sourcecode.c.objc; path = NLHealtCalenderCell.m; sourceTree = "<group>"; };
		0458E5D71C0E9832001D0EE7 /* NLHealthMangerStepNumViewController.h */ = {isa = PBXFileReference; fileEncoding = 4; lastKnownFileType = sourcecode.c.h; path = NLHealthMangerStepNumViewController.h; sourceTree = "<group>"; };
		0458E5D81C0E9832001D0EE7 /* NLHealthMangerStepNumViewController.m */ = {isa = PBXFileReference; fileEncoding = 4; lastKnownFileType = sourcecode.c.objc; path = NLHealthMangerStepNumViewController.m; sourceTree = "<group>"; };
		0458E5DA1C0E985C001D0EE7 /* NLHealthMangerSleepViewController.h */ = {isa = PBXFileReference; fileEncoding = 4; lastKnownFileType = sourcecode.c.h; path = NLHealthMangerSleepViewController.h; sourceTree = "<group>"; };
		0458E5DB1C0E985C001D0EE7 /* NLHealthMangerSleepViewController.m */ = {isa = PBXFileReference; fileEncoding = 4; lastKnownFileType = sourcecode.c.objc; path = NLHealthMangerSleepViewController.m; sourceTree = "<group>"; };
		046934ED1C02BF5B00150D2A /* MainNavgationControllew.h */ = {isa = PBXFileReference; fileEncoding = 4; lastKnownFileType = sourcecode.c.h; path = MainNavgationControllew.h; sourceTree = "<group>"; };
		046934EE1C02BF5B00150D2A /* MainNavgationControllew.m */ = {isa = PBXFileReference; fileEncoding = 4; lastKnownFileType = sourcecode.c.objc; path = MainNavgationControllew.m; sourceTree = "<group>"; };
		046F18411C0D2D3100A21FA6 /* LYDSegmentControl.h */ = {isa = PBXFileReference; fileEncoding = 4; lastKnownFileType = sourcecode.c.h; path = LYDSegmentControl.h; sourceTree = "<group>"; };
		046F18421C0D2D3100A21FA6 /* LYDSegmentControl.m */ = {isa = PBXFileReference; fileEncoding = 4; lastKnownFileType = sourcecode.c.objc; path = LYDSegmentControl.m; sourceTree = "<group>"; };
		046F18431C0D2D3100A21FA6 /* LYDSetSegmentControl.h */ = {isa = PBXFileReference; fileEncoding = 4; lastKnownFileType = sourcecode.c.h; path = LYDSetSegmentControl.h; sourceTree = "<group>"; };
		046F18441C0D2D3100A21FA6 /* LYDSetSegmentControl.m */ = {isa = PBXFileReference; fileEncoding = 4; lastKnownFileType = sourcecode.c.objc; path = LYDSetSegmentControl.m; sourceTree = "<group>"; };
		046F18891C0D4A0700A21FA6 /* NLColumnImage.h */ = {isa = PBXFileReference; fileEncoding = 4; lastKnownFileType = sourcecode.c.h; path = NLColumnImage.h; sourceTree = "<group>"; };
		046F188A1C0D4A0700A21FA6 /* NLColumnImage.m */ = {isa = PBXFileReference; fileEncoding = 4; lastKnownFileType = sourcecode.c.objc; path = NLColumnImage.m; sourceTree = "<group>"; };
		046F188C1C0D777A00A21FA6 /* NLStepImageLabView.h */ = {isa = PBXFileReference; fileEncoding = 4; lastKnownFileType = sourcecode.c.h; path = NLStepImageLabView.h; sourceTree = "<group>"; };
		046F188D1C0D777A00A21FA6 /* NLStepImageLabView.m */ = {isa = PBXFileReference; fileEncoding = 4; lastKnownFileType = sourcecode.c.objc; path = NLStepImageLabView.m; sourceTree = "<group>"; };
		047BE7E71C19AB8600821F23 /* NLStepColumnImage.h */ = {isa = PBXFileReference; fileEncoding = 4; lastKnownFileType = sourcecode.c.h; path = NLStepColumnImage.h; sourceTree = "<group>"; };
		047BE7E81C19AB8600821F23 /* NLStepColumnImage.m */ = {isa = PBXFileReference; fileEncoding = 4; lastKnownFileType = sourcecode.c.objc; path = NLStepColumnImage.m; sourceTree = "<group>"; };
		048EE89B1C2A7AEB00FF5D57 /* NLHealthStepNumberCell.h */ = {isa = PBXFileReference; fileEncoding = 4; lastKnownFileType = sourcecode.c.h; path = NLHealthStepNumberCell.h; sourceTree = "<group>"; };
		048EE89C1C2A7AEB00FF5D57 /* NLHealthStepNumberCell.m */ = {isa = PBXFileReference; fileEncoding = 4; lastKnownFileType = sourcecode.c.objc; path = NLHealthStepNumberCell.m; sourceTree = "<group>"; };
		0497519C1BFEEED50044D97B /* NBlue.app */ = {isa = PBXFileReference; explicitFileType = wrapper.application; includeInIndex = 0; path = NBlue.app; sourceTree = BUILT_PRODUCTS_DIR; };
		049751A01BFEEED50044D97B /* main.m */ = {isa = PBXFileReference; lastKnownFileType = sourcecode.c.objc; path = main.m; sourceTree = "<group>"; };
		049751A91BFEEED50044D97B /* Base */ = {isa = PBXFileReference; lastKnownFileType = file.storyboard; name = Base; path = Base.lproj/Main.storyboard; sourceTree = "<group>"; };
		049751AB1BFEEED50044D97B /* Assets.xcassets */ = {isa = PBXFileReference; lastKnownFileType = folder.assetcatalog; path = Assets.xcassets; sourceTree = "<group>"; };
		049751AE1BFEEED50044D97B /* Base */ = {isa = PBXFileReference; lastKnownFileType = file.storyboard; name = Base; path = Base.lproj/LaunchScreen.storyboard; sourceTree = "<group>"; };
		049751B01BFEEED50044D97B /* Info.plist */ = {isa = PBXFileReference; lastKnownFileType = text.plist.xml; path = Info.plist; sourceTree = "<group>"; };
		049751B51BFEEED50044D97B /* NBlueTests.xctest */ = {isa = PBXFileReference; explicitFileType = wrapper.cfbundle; includeInIndex = 0; path = NBlueTests.xctest; sourceTree = BUILT_PRODUCTS_DIR; };
		049751B91BFEEED60044D97B /* NBlueTests.m */ = {isa = PBXFileReference; lastKnownFileType = sourcecode.c.objc; path = NBlueTests.m; sourceTree = "<group>"; };
		049751BB1BFEEED60044D97B /* Info.plist */ = {isa = PBXFileReference; lastKnownFileType = text.plist.xml; path = Info.plist; sourceTree = "<group>"; };
		049751C01BFEEED60044D97B /* NBlueUITests.xctest */ = {isa = PBXFileReference; explicitFileType = wrapper.cfbundle; includeInIndex = 0; path = NBlueUITests.xctest; sourceTree = BUILT_PRODUCTS_DIR; };
		049751C41BFEEED60044D97B /* NBlueUITests.m */ = {isa = PBXFileReference; lastKnownFileType = sourcecode.c.objc; path = NBlueUITests.m; sourceTree = "<group>"; };
		049751C61BFEEED60044D97B /* Info.plist */ = {isa = PBXFileReference; lastKnownFileType = text.plist.xml; path = Info.plist; sourceTree = "<group>"; };
		049751DA1BFEF2FE0044D97B /* AppDelegate.h */ = {isa = PBXFileReference; fileEncoding = 4; lastKnownFileType = sourcecode.c.h; path = AppDelegate.h; sourceTree = "<group>"; };
		049751DB1BFEF2FE0044D97B /* AppDelegate.m */ = {isa = PBXFileReference; fileEncoding = 4; lastKnownFileType = sourcecode.c.objc; path = AppDelegate.m; sourceTree = "<group>"; };
		049751DD1BFEF3140044D97B /* ApplicationStyle.h */ = {isa = PBXFileReference; fileEncoding = 4; lastKnownFileType = sourcecode.c.h; path = ApplicationStyle.h; sourceTree = "<group>"; };
		049751DE1BFEF3140044D97B /* ApplicationStyle.m */ = {isa = PBXFileReference; fileEncoding = 4; lastKnownFileType = sourcecode.c.objc; path = ApplicationStyle.m; sourceTree = "<group>"; };
		049751E11BFEF5050044D97B /* NLBlue.pch */ = {isa = PBXFileReference; lastKnownFileType = sourcecode.c.h; path = NLBlue.pch; sourceTree = "<group>"; };
		049B077B1C1559D4005147B5 /* NLRegisteredViewController.h */ = {isa = PBXFileReference; fileEncoding = 4; lastKnownFileType = sourcecode.c.h; path = NLRegisteredViewController.h; sourceTree = "<group>"; };
		049B077C1C1559D4005147B5 /* NLRegisteredViewController.m */ = {isa = PBXFileReference; fileEncoding = 4; lastKnownFileType = sourcecode.c.objc; path = NLRegisteredViewController.m; sourceTree = "<group>"; };
		049B077E1C1559ED005147B5 /* NLForgetPasswordViewController.h */ = {isa = PBXFileReference; fileEncoding = 4; lastKnownFileType = sourcecode.c.h; path = NLForgetPasswordViewController.h; sourceTree = "<group>"; };
		049B077F1C1559ED005147B5 /* NLForgetPasswordViewController.m */ = {isa = PBXFileReference; fileEncoding = 4; lastKnownFileType = sourcecode.c.objc; path = NLForgetPasswordViewController.m; sourceTree = "<group>"; };
		049B07801C1559ED005147B5 /* NLLogInViewController.h */ = {isa = PBXFileReference; fileEncoding = 4; lastKnownFileType = sourcecode.c.h; path = NLLogInViewController.h; sourceTree = "<group>"; };
		049B07811C1559ED005147B5 /* NLLogInViewController.m */ = {isa = PBXFileReference; fileEncoding = 4; lastKnownFileType = sourcecode.c.objc; path = NLLogInViewController.m; sourceTree = "<group>"; };
		049B07841C158A78005147B5 /* NLNotification.h */ = {isa = PBXFileReference; lastKnownFileType = sourcecode.c.h; path = NLNotification.h; sourceTree = "<group>"; };
		04A151951C0DAA9700CB93FF /* NLRingLine.h */ = {isa = PBXFileReference; fileEncoding = 4; lastKnownFileType = sourcecode.c.h; path = NLRingLine.h; sourceTree = "<group>"; };
		04A151961C0DAA9700CB93FF /* NLRingLine.m */ = {isa = PBXFileReference; fileEncoding = 4; lastKnownFileType = sourcecode.c.objc; path = NLRingLine.m; sourceTree = "<group>"; };
		04A151981C0DC3B700CB93FF /* NLRing.h */ = {isa = PBXFileReference; fileEncoding = 4; lastKnownFileType = sourcecode.c.h; path = NLRing.h; sourceTree = "<group>"; };
		04A151991C0DC3B700CB93FF /* NLRing.m */ = {isa = PBXFileReference; fileEncoding = 4; lastKnownFileType = sourcecode.c.objc; path = NLRing.m; sourceTree = "<group>"; };
		04C995461C029D6B00D8AE79 /* CoreBluetooth.framework */ = {isa = PBXFileReference; lastKnownFileType = wrapper.framework; name = CoreBluetooth.framework; path = System/Library/Frameworks/CoreBluetooth.framework; sourceTree = SDKROOT; };
		04C995481C029E8300D8AE79 /* NLBluetoothAgreement.h */ = {isa = PBXFileReference; fileEncoding = 4; lastKnownFileType = sourcecode.c.h; path = NLBluetoothAgreement.h; sourceTree = "<group>"; };
		04C995491C029E8300D8AE79 /* NLBluetoothAgreement.m */ = {isa = PBXFileReference; fileEncoding = 4; lastKnownFileType = sourcecode.c.objc; path = NLBluetoothAgreement.m; sourceTree = "<group>"; };
		04C9954B1C029F2400D8AE79 /* NLBluetoothDataAnalytical.h */ = {isa = PBXFileReference; fileEncoding = 4; lastKnownFileType = sourcecode.c.h; path = NLBluetoothDataAnalytical.h; sourceTree = "<group>"; };
		04C9954C1C029F2400D8AE79 /* NLBluetoothDataAnalytical.m */ = {isa = PBXFileReference; fileEncoding = 4; lastKnownFileType = sourcecode.c.objc; path = NLBluetoothDataAnalytical.m; sourceTree = "<group>"; };
		04C995531C02A40300D8AE79 /* NLRootViewController.h */ = {isa = PBXFileReference; fileEncoding = 4; lastKnownFileType = sourcecode.c.h; name = NLRootViewController.h; path = NBlue/ViewController/NLRootViewController.h; sourceTree = SOURCE_ROOT; };
		04C995541C02A40300D8AE79 /* NLRootViewController.m */ = {isa = PBXFileReference; fileEncoding = 4; lastKnownFileType = sourcecode.c.objc; name = NLRootViewController.m; path = NBlue/ViewController/NLRootViewController.m; sourceTree = SOURCE_ROOT; };
		04C995561C02A51000D8AE79 /* NLSubRootViewController.h */ = {isa = PBXFileReference; fileEncoding = 4; lastKnownFileType = sourcecode.c.h; path = NLSubRootViewController.h; sourceTree = "<group>"; };
		04C995571C02A51000D8AE79 /* NLSubRootViewController.m */ = {isa = PBXFileReference; fileEncoding = 4; lastKnownFileType = sourcecode.c.objc; path = NLSubRootViewController.m; sourceTree = "<group>"; };
		04C995591C02A55000D8AE79 /* NLHealthMangerViewController.h */ = {isa = PBXFileReference; fileEncoding = 4; lastKnownFileType = sourcecode.c.h; path = NLHealthMangerViewController.h; sourceTree = "<group>"; };
		04C9955A1C02A55000D8AE79 /* NLHealthMangerViewController.m */ = {isa = PBXFileReference; fileEncoding = 4; lastKnownFileType = sourcecode.c.objc; path = NLHealthMangerViewController.m; sourceTree = "<group>"; };
		04C9955C1C02A56B00D8AE79 /* NLHotMoxibustionViewController.h */ = {isa = PBXFileReference; fileEncoding = 4; lastKnownFileType = sourcecode.c.h; path = NLHotMoxibustionViewController.h; sourceTree = "<group>"; };
		04C9955D1C02A56B00D8AE79 /* NLHotMoxibustionViewController.m */ = {isa = PBXFileReference; fileEncoding = 4; lastKnownFileType = sourcecode.c.objc; path = NLHotMoxibustionViewController.m; sourceTree = "<group>"; };
		04C9955F1C02A57800D8AE79 /* NLProfileViewController.h */ = {isa = PBXFileReference; fileEncoding = 4; lastKnownFileType = sourcecode.c.h; path = NLProfileViewController.h; sourceTree = "<group>"; };
		04C995601C02A57800D8AE79 /* NLProfileViewController.m */ = {isa = PBXFileReference; fileEncoding = 4; lastKnownFileType = sourcecode.c.objc; path = NLProfileViewController.m; sourceTree = "<group>"; };
		04C995621C02AC1A00D8AE79 /* ApplicationConstants.h */ = {isa = PBXFileReference; lastKnownFileType = sourcecode.c.h; name = ApplicationConstants.h; path = ../ApplicationConstants.h; sourceTree = "<group>"; };
		04CD22FC1C29221400AB467A /* Warman-568h@2x.png */ = {isa = PBXFileReference; lastKnownFileType = image.png; path = "Warman-568h@2x.png"; sourceTree = "<group>"; };
		04CD22FD1C29221400AB467A /* Warman@2x.png */ = {isa = PBXFileReference; lastKnownFileType = image.png; path = "Warman@2x.png"; sourceTree = "<group>"; };
		04CD22FE1C29221400AB467A /* Warman@3x.png */ = {isa = PBXFileReference; lastKnownFileType = image.png; path = "Warman@3x.png"; sourceTree = "<group>"; };
		04CD23101C29310100AB467A /* OLGhostAlertView.h */ = {isa = PBXFileReference; fileEncoding = 4; lastKnownFileType = sourcecode.c.h; path = OLGhostAlertView.h; sourceTree = "<group>"; };
		04CD23111C29310100AB467A /* OLGhostAlertView.m */ = {isa = PBXFileReference; fileEncoding = 4; lastKnownFileType = sourcecode.c.objc; path = OLGhostAlertView.m; sourceTree = "<group>"; };
		04CDA1741BFF022D00D2A304 /* Foundation.framework */ = {isa = PBXFileReference; lastKnownFileType = wrapper.framework; name = Foundation.framework; path = System/Library/Frameworks/Foundation.framework; sourceTree = SDKROOT; };
		04CDA17C1BFF119500D2A304 /* Convenlence.h */ = {isa = PBXFileReference; fileEncoding = 4; lastKnownFileType = sourcecode.c.h; path = Convenlence.h; sourceTree = "<group>"; };
		04CDA17D1BFF119500D2A304 /* Convenlence.m */ = {isa = PBXFileReference; fileEncoding = 4; lastKnownFileType = sourcecode.c.objc; path = Convenlence.m; sourceTree = "<group>"; };
		04F04F791C06940F009DC949 /* NLIndividuaFormaCell.h */ = {isa = PBXFileReference; fileEncoding = 4; lastKnownFileType = sourcecode.c.h; path = NLIndividuaFormaCell.h; sourceTree = "<group>"; };
		04F04F7A1C06940F009DC949 /* NLIndividuaFormaCell.m */ = {isa = PBXFileReference; fileEncoding = 4; lastKnownFileType = sourcecode.c.objc; path = NLIndividuaFormaCell.m; sourceTree = "<group>"; };
		04F04F7C1C06D1D1009DC949 /* NLIndividuaEditingViewController.h */ = {isa = PBXFileReference; fileEncoding = 4; lastKnownFileType = sourcecode.c.h; path = NLIndividuaEditingViewController.h; sourceTree = "<group>"; };
		04F04F7D1C06D1D1009DC949 /* NLIndividuaEditingViewController.m */ = {isa = PBXFileReference; fileEncoding = 4; lastKnownFileType = sourcecode.c.objc; path = NLIndividuaEditingViewController.m; sourceTree = "<group>"; };
		04F04F7F1C06E46F009DC949 /* NLPickView.h */ = {isa = PBXFileReference; fileEncoding = 4; lastKnownFileType = sourcecode.c.h; path = NLPickView.h; sourceTree = "<group>"; };
		04F04F801C06E46F009DC949 /* NLPickView.m */ = {isa = PBXFileReference; fileEncoding = 4; lastKnownFileType = sourcecode.c.objc; path = NLPickView.m; sourceTree = "<group>"; };
		04F04F831C073AAC009DC949 /* PlistData.h */ = {isa = PBXFileReference; fileEncoding = 4; lastKnownFileType = sourcecode.c.h; path = PlistData.h; sourceTree = "<group>"; };
		04F04F841C073AAC009DC949 /* PlistData.m */ = {isa = PBXFileReference; fileEncoding = 4; lastKnownFileType = sourcecode.c.objc; path = PlistData.m; sourceTree = "<group>"; };
		04F3CC521C0434C40066D39D /* en */ = {isa = PBXFileReference; lastKnownFileType = text.plist.strings; name = en; path = en.lproj/Localizable.strings; sourceTree = "<group>"; };
		04F3CC531C04350D0066D39D /* zh-Hans */ = {isa = PBXFileReference; lastKnownFileType = text.plist.strings; name = "zh-Hans"; path = "zh-Hans.lproj/Main.strings"; sourceTree = "<group>"; };
		04F3CC541C04350D0066D39D /* zh-Hans */ = {isa = PBXFileReference; lastKnownFileType = text.plist.strings; name = "zh-Hans"; path = "zh-Hans.lproj/LaunchScreen.strings"; sourceTree = "<group>"; };
		04F3CC551C04350D0066D39D /* zh-Hans */ = {isa = PBXFileReference; lastKnownFileType = text.plist.strings; name = "zh-Hans"; path = "zh-Hans.lproj/Localizable.strings"; sourceTree = "<group>"; };
		04F3CC5F1C0439280066D39D /* NLAboutImageBtn.h */ = {isa = PBXFileReference; fileEncoding = 4; lastKnownFileType = sourcecode.c.h; path = NLAboutImageBtn.h; sourceTree = "<group>"; };
		04F3CC601C0439280066D39D /* NLAboutImageBtn.m */ = {isa = PBXFileReference; fileEncoding = 4; lastKnownFileType = sourcecode.c.objc; path = NLAboutImageBtn.m; sourceTree = "<group>"; };
		04F3CC7B1C045F9F0066D39D /* NLHealthSleepView.h */ = {isa = PBXFileReference; fileEncoding = 4; lastKnownFileType = sourcecode.c.h; path = NLHealthSleepView.h; sourceTree = "<group>"; };
		04F3CC7C1C045F9F0066D39D /* NLHealthSleepView.m */ = {isa = PBXFileReference; fileEncoding = 4; lastKnownFileType = sourcecode.c.objc; path = NLHealthSleepView.m; sourceTree = "<group>"; };
		04F3CC7E1C0460120066D39D /* NLHealthStepNumber.h */ = {isa = PBXFileReference; fileEncoding = 4; lastKnownFileType = sourcecode.c.h; path = NLHealthStepNumber.h; sourceTree = "<group>"; };
		04F3CC7F1C0460120066D39D /* NLHealthStepNumber.m */ = {isa = PBXFileReference; fileEncoding = 4; lastKnownFileType = sourcecode.c.objc; path = NLHealthStepNumber.m; sourceTree = "<group>"; };
		04F3CC811C046D1A0066D39D /* NLHealthCalenderView.h */ = {isa = PBXFileReference; fileEncoding = 4; lastKnownFileType = sourcecode.c.h; path = NLHealthCalenderView.h; sourceTree = "<group>"; };
		04F3CC821C046D1A0066D39D /* NLHealthCalenderView.m */ = {isa = PBXFileReference; fileEncoding = 4; lastKnownFileType = sourcecode.c.objc; path = NLHealthCalenderView.m; sourceTree = "<group>"; };
		04F4B7BE1C07ED2A00DE60DE /* NLMyEquipmentCell.h */ = {isa = PBXFileReference; fileEncoding = 4; lastKnownFileType = sourcecode.c.h; path = NLMyEquipmentCell.h; sourceTree = "<group>"; };
		04F4B7BF1C07ED2A00DE60DE /* NLMyEquipmentCell.m */ = {isa = PBXFileReference; fileEncoding = 4; lastKnownFileType = sourcecode.c.objc; path = NLMyEquipmentCell.m; sourceTree = "<group>"; };
		04F4B7C21C07FA7100DE60DE /* battery@2x.png */ = {isa = PBXFileReference; lastKnownFileType = image.png; path = "battery@2x.png"; sourceTree = "<group>"; };
		04F4B7C31C07FA7100DE60DE /* battery@3x.png */ = {isa = PBXFileReference; lastKnownFileType = image.png; path = "battery@3x.png"; sourceTree = "<group>"; };
		04F4B7C61C082AD200DE60DE /* NLSQLData.h */ = {isa = PBXFileReference; fileEncoding = 4; lastKnownFileType = sourcecode.c.h; path = NLSQLData.h; sourceTree = "<group>"; };
		04F4B7C71C082AD200DE60DE /* NLSQLData.m */ = {isa = PBXFileReference; fileEncoding = 4; lastKnownFileType = sourcecode.c.objc; path = NLSQLData.m; sourceTree = "<group>"; };
		04F4B7CC1C08387A00DE60DE /* NLEquipmentCommand.h */ = {isa = PBXFileReference; lastKnownFileType = sourcecode.c.h; path = NLEquipmentCommand.h; sourceTree = "<group>"; };
		04F4B7CD1C083AE500DE60DE /* NLCalenderPackage.h */ = {isa = PBXFileReference; fileEncoding = 4; lastKnownFileType = sourcecode.c.h; path = NLCalenderPackage.h; sourceTree = "<group>"; };
		04F4B7CE1C083AE500DE60DE /* NLCalenderPackage.m */ = {isa = PBXFileReference; fileEncoding = 4; lastKnownFileType = sourcecode.c.objc; path = NLCalenderPackage.m; sourceTree = "<group>"; };
		04F4B7D01C083B3E00DE60DE /* NLLocalUserInfo.h */ = {isa = PBXFileReference; fileEncoding = 4; lastKnownFileType = sourcecode.c.h; path = NLLocalUserInfo.h; sourceTree = "<group>"; };
		04F4B7D11C083B3E00DE60DE /* NLLocalUserInfo.m */ = {isa = PBXFileReference; fileEncoding = 4; lastKnownFileType = sourcecode.c.objc; path = NLLocalUserInfo.m; sourceTree = "<group>"; };
		04F4B7D31C084CFB00DE60DE /* NLFeedBackViewController.h */ = {isa = PBXFileReference; fileEncoding = 4; lastKnownFileType = sourcecode.c.h; path = NLFeedBackViewController.h; sourceTree = "<group>"; };
		04F4B7D41C084CFB00DE60DE /* NLFeedBackViewController.m */ = {isa = PBXFileReference; fileEncoding = 4; lastKnownFileType = sourcecode.c.objc; path = NLFeedBackViewController.m; sourceTree = "<group>"; };
		04F4B7D61C085C7000DE60DE /* NLAboutNLViewController.h */ = {isa = PBXFileReference; fileEncoding = 4; lastKnownFileType = sourcecode.c.h; path = NLAboutNLViewController.h; sourceTree = "<group>"; };
		04F4B7D71C085C7000DE60DE /* NLAboutNLViewController.m */ = {isa = PBXFileReference; fileEncoding = 4; lastKnownFileType = sourcecode.c.objc; path = NLAboutNLViewController.m; sourceTree = "<group>"; };
		04F5BB1A1C0545CC00B37CE2 /* NLProTableCell.h */ = {isa = PBXFileReference; fileEncoding = 4; lastKnownFileType = sourcecode.c.h; path = NLProTableCell.h; sourceTree = "<group>"; };
		04F5BB1B1C0545CC00B37CE2 /* NLProTableCell.m */ = {isa = PBXFileReference; fileEncoding = 4; lastKnownFileType = sourcecode.c.objc; path = NLProTableCell.m; sourceTree = "<group>"; };
		04F5BB1D1C05673F00B37CE2 /* NLMyEquipmentController.h */ = {isa = PBXFileReference; fileEncoding = 4; lastKnownFileType = sourcecode.c.h; path = NLMyEquipmentController.h; sourceTree = "<group>"; };
		04F5BB1E1C05673F00B37CE2 /* NLMyEquipmentController.m */ = {isa = PBXFileReference; fileEncoding = 4; lastKnownFileType = sourcecode.c.objc; path = NLMyEquipmentController.m; sourceTree = "<group>"; };
		04F5BB201C05676700B37CE2 /* NLShareController.h */ = {isa = PBXFileReference; fileEncoding = 4; lastKnownFileType = sourcecode.c.h; path = NLShareController.h; sourceTree = "<group>"; };
		04F5BB211C05676700B37CE2 /* NLShareController.m */ = {isa = PBXFileReference; fileEncoding = 4; lastKnownFileType = sourcecode.c.objc; path = NLShareController.m; sourceTree = "<group>"; };
		04F5BB6E1C05B51A00B37CE2 /* NLIndividuaFormatViewController.h */ = {isa = PBXFileReference; fileEncoding = 4; lastKnownFileType = sourcecode.c.h; path = NLIndividuaFormatViewController.h; sourceTree = "<group>"; };
		04F5BB6F1C05B51A00B37CE2 /* NLIndividuaFormatViewController.m */ = {isa = PBXFileReference; fileEncoding = 4; lastKnownFileType = sourcecode.c.objc; path = NLIndividuaFormatViewController.m; sourceTree = "<group>"; };
		04F7F64C1C1BFC9000466EBC /* NLGestureRecognizer.h */ = {isa = PBXFileReference; fileEncoding = 4; lastKnownFileType = sourcecode.c.h; path = NLGestureRecognizer.h; sourceTree = "<group>"; };
		04F7F64D1C1BFC9000466EBC /* NLGestureRecognizer.m */ = {isa = PBXFileReference; fileEncoding = 4; lastKnownFileType = sourcecode.c.objc; path = NLGestureRecognizer.m; sourceTree = "<group>"; };
		04FA89B51C117E400064F3AA /* NLApiURL.h */ = {isa = PBXFileReference; fileEncoding = 4; lastKnownFileType = sourcecode.c.h; path = NLApiURL.h; sourceTree = "<group>"; };
		04FA89B61C117E400064F3AA /* NLDatahub.h */ = {isa = PBXFileReference; fileEncoding = 4; lastKnownFileType = sourcecode.c.h; path = NLDatahub.h; sourceTree = "<group>"; };
		04FA89B71C117E400064F3AA /* NLDatahub.m */ = {isa = PBXFileReference; fileEncoding = 4; lastKnownFileType = sourcecode.c.objc; path = NLDatahub.m; sourceTree = "<group>"; };
		04FA89B81C117E400064F3AA /* NLHTTPRequestFactory.h */ = {isa = PBXFileReference; fileEncoding = 4; lastKnownFileType = sourcecode.c.h; path = NLHTTPRequestFactory.h; sourceTree = "<group>"; };
		04FA89B91C117E400064F3AA /* NLHTTPRequestFactory.m */ = {isa = PBXFileReference; fileEncoding = 4; lastKnownFileType = sourcecode.c.objc; path = NLHTTPRequestFactory.m; sourceTree = "<group>"; };
		04FA89BA1C117E400064F3AA /* NLHTTPRequestOperations.h */ = {isa = PBXFileReference; fileEncoding = 4; lastKnownFileType = sourcecode.c.h; path = NLHTTPRequestOperations.h; sourceTree = "<group>"; };
		04FA89BB1C117E400064F3AA /* NLHTTPRequestOperations.m */ = {isa = PBXFileReference; fileEncoding = 4; lastKnownFileType = sourcecode.c.objc; path = NLHTTPRequestOperations.m; sourceTree = "<group>"; };
		04FA89BF1C117F780064F3AA /* NLHalfView.h */ = {isa = PBXFileReference; fileEncoding = 4; lastKnownFileType = sourcecode.c.h; name = NLHalfView.h; path = NBlue/NetWork/NLHalfView.h; sourceTree = SOURCE_ROOT; };
		04FA89C01C117F780064F3AA /* NLHalfView.m */ = {isa = PBXFileReference; fileEncoding = 4; lastKnownFileType = sourcecode.c.objc; name = NLHalfView.m; path = NBlue/NetWork/NLHalfView.m; sourceTree = SOURCE_ROOT; };
		04FB47A21C0FDED200FAE708 /* NLStepCountLabView.h */ = {isa = PBXFileReference; fileEncoding = 4; lastKnownFileType = sourcecode.c.h; path = NLStepCountLabView.h; sourceTree = "<group>"; };
		04FB47A31C0FDED200FAE708 /* NLStepCountLabView.m */ = {isa = PBXFileReference; fileEncoding = 4; lastKnownFileType = sourcecode.c.objc; path = NLStepCountLabView.m; sourceTree = "<group>"; };
		04FF66821C21138A00E276E2 /* NLCalenderLifeHabit.h */ = {isa = PBXFileReference; fileEncoding = 4; lastKnownFileType = sourcecode.c.h; path = NLCalenderLifeHabit.h; sourceTree = "<group>"; };
		04FF66831C21138A00E276E2 /* NLCalenderLifeHabit.m */ = {isa = PBXFileReference; fileEncoding = 4; lastKnownFileType = sourcecode.c.objc; path = NLCalenderLifeHabit.m; sourceTree = "<group>"; };
		04FF66851C214E8800E276E2 /* NLCalenderUncomfortable.h */ = {isa = PBXFileReference; fileEncoding = 4; lastKnownFileType = sourcecode.c.h; path = NLCalenderUncomfortable.h; sourceTree = "<group>"; };
		04FF66861C214E8800E276E2 /* NLCalenderUncomfortable.m */ = {isa = PBXFileReference; fileEncoding = 4; lastKnownFileType = sourcecode.c.objc; path = NLCalenderUncomfortable.m; sourceTree = "<group>"; };
		04FF66881C21578200E276E2 /* NLCalenderUncomforBtn.h */ = {isa = PBXFileReference; fileEncoding = 4; lastKnownFileType = sourcecode.c.h; path = NLCalenderUncomforBtn.h; sourceTree = "<group>"; };
		04FF66891C21578200E276E2 /* NLCalenderUncomforBtn.m */ = {isa = PBXFileReference; fileEncoding = 4; lastKnownFileType = sourcecode.c.objc; path = NLCalenderUncomforBtn.m; sourceTree = "<group>"; };
		46E0A4932CCDD3CB9C4B5CFA /* libPods.a */ = {isa = PBXFileReference; explicitFileType = archive.ar; includeInIndex = 0; path = libPods.a; sourceTree = BUILT_PRODUCTS_DIR; };
		7D156C54B110CBBF4D4804D4 /* Pods.debug.xcconfig */ = {isa = PBXFileReference; includeInIndex = 1; lastKnownFileType = text.xcconfig; name = Pods.debug.xcconfig; path = "Pods/Target Support Files/Pods/Pods.debug.xcconfig"; sourceTree = "<group>"; };
		8F50F23BC12A7C0575CA9364 /* Pods.release.xcconfig */ = {isa = PBXFileReference; includeInIndex = 1; lastKnownFileType = text.xcconfig; name = Pods.release.xcconfig; path = "Pods/Target Support Files/Pods/Pods.release.xcconfig"; sourceTree = "<group>"; };
/* End PBXFileReference section */

/* Begin PBXFrameworksBuildPhase section */
		049751991BFEEED50044D97B /* Frameworks */ = {
			isa = PBXFrameworksBuildPhase;
			buildActionMask = 2147483647;
			files = (
				04C995471C029D6B00D8AE79 /* CoreBluetooth.framework in Frameworks */,
				04CDA1751BFF022D00D2A304 /* Foundation.framework in Frameworks */,
				4A3CFF267937751BD6F2302D /* libPods.a in Frameworks */,
			);
			runOnlyForDeploymentPostprocessing = 0;
		};
		049751B21BFEEED50044D97B /* Frameworks */ = {
			isa = PBXFrameworksBuildPhase;
			buildActionMask = 2147483647;
			files = (
			);
			runOnlyForDeploymentPostprocessing = 0;
		};
		049751BD1BFEEED60044D97B /* Frameworks */ = {
			isa = PBXFrameworksBuildPhase;
			buildActionMask = 2147483647;
			files = (
			);
			runOnlyForDeploymentPostprocessing = 0;
		};
/* End PBXFrameworksBuildPhase section */

/* Begin PBXGroup section */
		04015D601C1FC76100454566 /* CalenderUIView */ = {
			isa = PBXGroup;
			children = (
				04015D611C1FDD1800454566 /* NLCalenderPicker.h */,
				04015D621C1FDD1800454566 /* NLCalenderPicker.m */,
				04FF66821C21138A00E276E2 /* NLCalenderLifeHabit.h */,
				04FF66831C21138A00E276E2 /* NLCalenderLifeHabit.m */,
				04FF66851C214E8800E276E2 /* NLCalenderUncomfortable.h */,
				04FF66861C214E8800E276E2 /* NLCalenderUncomfortable.m */,
				04FF66881C21578200E276E2 /* NLCalenderUncomforBtn.h */,
				04FF66891C21578200E276E2 /* NLCalenderUncomforBtn.m */,
			);
			path = CalenderUIView;
			sourceTree = "<group>";
		};
		049751931BFEEED50044D97B = {
			isa = PBXGroup;
			children = (
				0497519E1BFEEED50044D97B /* NBlue */,
				049751B81BFEEED60044D97B /* NBlueTests */,
				049751C31BFEEED60044D97B /* NBlueUITests */,
				0497519D1BFEEED50044D97B /* Products */,
				BCC820979FDAB077689896CE /* Pods */,
				9B52667861575D0AACE7B05E /* Frameworks */,
			);
			sourceTree = "<group>";
		};
		0497519D1BFEEED50044D97B /* Products */ = {
			isa = PBXGroup;
			children = (
				0497519C1BFEEED50044D97B /* NBlue.app */,
				049751B51BFEEED50044D97B /* NBlueTests.xctest */,
				049751C01BFEEED60044D97B /* NBlueUITests.xctest */,
			);
			name = Products;
			sourceTree = "<group>";
		};
		0497519E1BFEEED50044D97B /* NBlue */ = {
			isa = PBXGroup;
			children = (
				049751D61BFEEF510044D97B /* ViewController */,
				049751D41BFEEF2B0044D97B /* ToolClass */,
				04CD230E1C2930F700AB467A /* ThirdParty */,
				04F4B7C11C07FA3C00DE60DE /* TestImage */,
				04F04F821C073A94009DC949 /* CacheData */,
				04FA89B41C117E180064F3AA /* NetWork */,
				04FA89B31C117E060064F3AA /* Model */,
				049751D51BFEEF3F0044D97B /* Common */,
				04C9954E1C02A08A00D8AE79 /* SystemBase */,
				04F3CC3F1C03F4F30066D39D /* ThirdLibrary */,
				049751A81BFEEED50044D97B /* Main.storyboard */,
				04CD22FC1C29221400AB467A /* Warman-568h@2x.png */,
				04CD22FD1C29221400AB467A /* Warman@2x.png */,
				04CD22FE1C29221400AB467A /* Warman@3x.png */,
				049751AB1BFEEED50044D97B /* Assets.xcassets */,
				049751AD1BFEEED50044D97B /* LaunchScreen.storyboard */,
				049751B01BFEEED50044D97B /* Info.plist */,
				0497519F1BFEEED50044D97B /* Supporting Files */,
			);
			path = NBlue;
			sourceTree = "<group>";
		};
		0497519F1BFEEED50044D97B /* Supporting Files */ = {
			isa = PBXGroup;
			children = (
				049751E11BFEF5050044D97B /* NLBlue.pch */,
				049751A01BFEEED50044D97B /* main.m */,
			);
			name = "Supporting Files";
			sourceTree = "<group>";
		};
		049751B81BFEEED60044D97B /* NBlueTests */ = {
			isa = PBXGroup;
			children = (
				049751B91BFEEED60044D97B /* NBlueTests.m */,
				049751BB1BFEEED60044D97B /* Info.plist */,
			);
			path = NBlueTests;
			sourceTree = "<group>";
		};
		049751C31BFEEED60044D97B /* NBlueUITests */ = {
			isa = PBXGroup;
			children = (
				049751C41BFEEED60044D97B /* NBlueUITests.m */,
				049751C61BFEEED60044D97B /* Info.plist */,
			);
			path = NBlueUITests;
			sourceTree = "<group>";
		};
		049751D41BFEEF2B0044D97B /* ToolClass */ = {
			isa = PBXGroup;
			children = (
				04F4B7D01C083B3E00DE60DE /* NLLocalUserInfo.h */,
				04F4B7D11C083B3E00DE60DE /* NLLocalUserInfo.m */,
				04F7F64C1C1BFC9000466EBC /* NLGestureRecognizer.h */,
				04F7F64D1C1BFC9000466EBC /* NLGestureRecognizer.m */,
			);
			path = ToolClass;
			sourceTree = "<group>";
		};
		049751D51BFEEF3F0044D97B /* Common */ = {
			isa = PBXGroup;
			children = (
				049751DA1BFEF2FE0044D97B /* AppDelegate.h */,
				049751DB1BFEF2FE0044D97B /* AppDelegate.m */,
				049751DD1BFEF3140044D97B /* ApplicationStyle.h */,
				049751DE1BFEF3140044D97B /* ApplicationStyle.m */,
				04CDA17C1BFF119500D2A304 /* Convenlence.h */,
				04CDA17D1BFF119500D2A304 /* Convenlence.m */,
				04C995481C029E8300D8AE79 /* NLBluetoothAgreement.h */,
				04C995491C029E8300D8AE79 /* NLBluetoothAgreement.m */,
				04C9954B1C029F2400D8AE79 /* NLBluetoothDataAnalytical.h */,
				04C9954C1C029F2400D8AE79 /* NLBluetoothDataAnalytical.m */,
				04C995621C02AC1A00D8AE79 /* ApplicationConstants.h */,
				04F4B7CC1C08387A00DE60DE /* NLEquipmentCommand.h */,
				049B07841C158A78005147B5 /* NLNotification.h */,
				04F3CC511C0434C10066D39D /* Localizable.strings */,
			);
			path = Common;
			sourceTree = "<group>";
		};
		049751D61BFEEF510044D97B /* ViewController */ = {
			isa = PBXGroup;
			children = (
				04C995531C02A40300D8AE79 /* NLRootViewController.h */,
				04C995541C02A40300D8AE79 /* NLRootViewController.m */,
				04C995561C02A51000D8AE79 /* NLSubRootViewController.h */,
				04C995571C02A51000D8AE79 /* NLSubRootViewController.m */,
				046934ED1C02BF5B00150D2A /* MainNavgationControllew.h */,
				046934EE1C02BF5B00150D2A /* MainNavgationControllew.m */,
				049B077A1C1559B8005147B5 /* MangetNumber */,
				04C995501C02A2D100D8AE79 /* HealthMangerController */,
				04C995521C02A38500D8AE79 /* HotMoxibustionController */,
				04C995511C02A2E500D8AE79 /* ProfileController */,
				04F3CC591C0438400066D39D /* View */,
			);
			path = ViewController;
			sourceTree = "<group>";
		};
		049B077A1C1559B8005147B5 /* MangetNumber */ = {
			isa = PBXGroup;
			children = (
				049B07801C1559ED005147B5 /* NLLogInViewController.h */,
				049B07811C1559ED005147B5 /* NLLogInViewController.m */,
				049B077B1C1559D4005147B5 /* NLRegisteredViewController.h */,
				049B077C1C1559D4005147B5 /* NLRegisteredViewController.m */,
				049B077E1C1559ED005147B5 /* NLForgetPasswordViewController.h */,
				049B077F1C1559ED005147B5 /* NLForgetPasswordViewController.m */,
			);
			path = MangetNumber;
			sourceTree = "<group>";
		};
		04C9954E1C02A08A00D8AE79 /* SystemBase */ = {
			isa = PBXGroup;
			children = (
				04CDA1741BFF022D00D2A304 /* Foundation.framework */,
			);
			name = SystemBase;
			path = Common/SystemBase;
			sourceTree = "<group>";
		};
		04C995501C02A2D100D8AE79 /* HealthMangerController */ = {
			isa = PBXGroup;
			children = (
				04F3CC6A1C0459EB0066D39D /* SelectorBtn */,
				04C995591C02A55000D8AE79 /* NLHealthMangerViewController.h */,
				04C9955A1C02A55000D8AE79 /* NLHealthMangerViewController.m */,
				0458E5D71C0E9832001D0EE7 /* NLHealthMangerStepNumViewController.h */,
				0458E5D81C0E9832001D0EE7 /* NLHealthMangerStepNumViewController.m */,
				0458E5DA1C0E985C001D0EE7 /* NLHealthMangerSleepViewController.h */,
				0458E5DB1C0E985C001D0EE7 /* NLHealthMangerSleepViewController.m */,
			);
			path = HealthMangerController;
			sourceTree = "<group>";
		};
		04C995511C02A2E500D8AE79 /* ProfileController */ = {
			isa = PBXGroup;
			children = (
				04C9955F1C02A57800D8AE79 /* NLProfileViewController.h */,
				04C995601C02A57800D8AE79 /* NLProfileViewController.m */,
				04F5BB6E1C05B51A00B37CE2 /* NLIndividuaFormatViewController.h */,
				04F5BB6F1C05B51A00B37CE2 /* NLIndividuaFormatViewController.m */,
				04F04F7C1C06D1D1009DC949 /* NLIndividuaEditingViewController.h */,
				04F04F7D1C06D1D1009DC949 /* NLIndividuaEditingViewController.m */,
				04F5BB1D1C05673F00B37CE2 /* NLMyEquipmentController.h */,
				04F5BB1E1C05673F00B37CE2 /* NLMyEquipmentController.m */,
				04F5BB201C05676700B37CE2 /* NLShareController.h */,
				04F5BB211C05676700B37CE2 /* NLShareController.m */,
				04F4B7D31C084CFB00DE60DE /* NLFeedBackViewController.h */,
				04F4B7D41C084CFB00DE60DE /* NLFeedBackViewController.m */,
				04F4B7D61C085C7000DE60DE /* NLAboutNLViewController.h */,
				04F4B7D71C085C7000DE60DE /* NLAboutNLViewController.m */,
			);
			path = ProfileController;
			sourceTree = "<group>";
		};
		04C995521C02A38500D8AE79 /* HotMoxibustionController */ = {
			isa = PBXGroup;
			children = (
				04C9955C1C02A56B00D8AE79 /* NLHotMoxibustionViewController.h */,
				04C9955D1C02A56B00D8AE79 /* NLHotMoxibustionViewController.m */,
			);
			path = HotMoxibustionController;
			sourceTree = "<group>";
		};
		04CD230E1C2930F700AB467A /* ThirdParty */ = {
			isa = PBXGroup;
			children = (
				04CD230F1C29310100AB467A /* OLGhostAlertView */,
			);
			path = ThirdParty;
			sourceTree = "<group>";
		};
		04CD230F1C29310100AB467A /* OLGhostAlertView */ = {
			isa = PBXGroup;
			children = (
				04CD23101C29310100AB467A /* OLGhostAlertView.h */,
				04CD23111C29310100AB467A /* OLGhostAlertView.m */,
			);
			path = OLGhostAlertView;
			sourceTree = "<group>";
		};
		04F04F821C073A94009DC949 /* CacheData */ = {
			isa = PBXGroup;
			children = (
				04F04F831C073AAC009DC949 /* PlistData.h */,
				04F04F841C073AAC009DC949 /* PlistData.m */,
				04F4B7C61C082AD200DE60DE /* NLSQLData.h */,
				04F4B7C71C082AD200DE60DE /* NLSQLData.m */,
			);
			path = CacheData;
			sourceTree = "<group>";
		};
		04F3CC3F1C03F4F30066D39D /* ThirdLibrary */ = {
			isa = PBXGroup;
			children = (
			);
			path = ThirdLibrary;
			sourceTree = "<group>";
		};
		04F3CC591C0438400066D39D /* View */ = {
			isa = PBXGroup;
			children = (
				04F3CC5E1C0438E10066D39D /* GeneralView */,
				04F3CC5D1C0438BA0066D39D /* ProFileView */,
				04F3CC5C1C0438AD0066D39D /* HotMoxibustionView */,
				04F3CC5B1C0438A10066D39D /* HealthMangerView */,
			);
			path = View;
			sourceTree = "<group>";
		};
		04F3CC5B1C0438A10066D39D /* HealthMangerView */ = {
			isa = PBXGroup;
			children = (
				04015D601C1FC76100454566 /* CalenderUIView */,
				04F3CC811C046D1A0066D39D /* NLHealthCalenderView.h */,
				04F3CC821C046D1A0066D39D /* NLHealthCalenderView.m */,
				044255341C1EABAE003F8503 /* NLHealtCalenderCell.h */,
				044255351C1EABAE003F8503 /* NLHealtCalenderCell.m */,
				04015D5D1C1FB72F00454566 /* NLHealtCalenderPeriod.h */,
				04015D5E1C1FB72F00454566 /* NLHealtCalenderPeriod.m */,
				04F3CC7B1C045F9F0066D39D /* NLHealthSleepView.h */,
				04F3CC7C1C045F9F0066D39D /* NLHealthSleepView.m */,
				04F3CC7E1C0460120066D39D /* NLHealthStepNumber.h */,
				04F3CC7F1C0460120066D39D /* NLHealthStepNumber.m */,
				048EE89B1C2A7AEB00FF5D57 /* NLHealthStepNumberCell.h */,
				048EE89C1C2A7AEB00FF5D57 /* NLHealthStepNumberCell.m */,
				046F18891C0D4A0700A21FA6 /* NLColumnImage.h */,
				046F188A1C0D4A0700A21FA6 /* NLColumnImage.m */,
				047BE7E71C19AB8600821F23 /* NLStepColumnImage.h */,
				047BE7E81C19AB8600821F23 /* NLStepColumnImage.m */,
				046F188C1C0D777A00A21FA6 /* NLStepImageLabView.h */,
				046F188D1C0D777A00A21FA6 /* NLStepImageLabView.m */,
				04A151951C0DAA9700CB93FF /* NLRingLine.h */,
				04A151961C0DAA9700CB93FF /* NLRingLine.m */,
				04A151981C0DC3B700CB93FF /* NLRing.h */,
				04A151991C0DC3B700CB93FF /* NLRing.m */,
				04FB47A21C0FDED200FAE708 /* NLStepCountLabView.h */,
				04FB47A31C0FDED200FAE708 /* NLStepCountLabView.m */,
			);
			path = HealthMangerView;
			sourceTree = "<group>";
		};
		04F3CC5C1C0438AD0066D39D /* HotMoxibustionView */ = {
			isa = PBXGroup;
			children = (
				04FA89BF1C117F780064F3AA /* NLHalfView.h */,
				04FA89C01C117F780064F3AA /* NLHalfView.m */,
			);
			path = HotMoxibustionView;
			sourceTree = "<group>";
		};
		04F3CC5D1C0438BA0066D39D /* ProFileView */ = {
			isa = PBXGroup;
			children = (
				04F5BB1A1C0545CC00B37CE2 /* NLProTableCell.h */,
				04F5BB1B1C0545CC00B37CE2 /* NLProTableCell.m */,
				04F04F791C06940F009DC949 /* NLIndividuaFormaCell.h */,
				04F04F7A1C06940F009DC949 /* NLIndividuaFormaCell.m */,
				04F4B7BE1C07ED2A00DE60DE /* NLMyEquipmentCell.h */,
				04F4B7BF1C07ED2A00DE60DE /* NLMyEquipmentCell.m */,
			);
			path = ProFileView;
			sourceTree = "<group>";
		};
		04F3CC5E1C0438E10066D39D /* GeneralView */ = {
			isa = PBXGroup;
			children = (
				04F4B7CD1C083AE500DE60DE /* NLCalenderPackage.h */,
				04F4B7CE1C083AE500DE60DE /* NLCalenderPackage.m */,
				04F3CC5F1C0439280066D39D /* NLAboutImageBtn.h */,
				04F3CC601C0439280066D39D /* NLAboutImageBtn.m */,
				04F04F7F1C06E46F009DC949 /* NLPickView.h */,
				04F04F801C06E46F009DC949 /* NLPickView.m */,
			);
			path = GeneralView;
			sourceTree = "<group>";
		};
		04F3CC6A1C0459EB0066D39D /* SelectorBtn */ = {
			isa = PBXGroup;
			children = (
				046F18411C0D2D3100A21FA6 /* LYDSegmentControl.h */,
				046F18421C0D2D3100A21FA6 /* LYDSegmentControl.m */,
				046F18431C0D2D3100A21FA6 /* LYDSetSegmentControl.h */,
				046F18441C0D2D3100A21FA6 /* LYDSetSegmentControl.m */,
			);
			path = SelectorBtn;
			sourceTree = "<group>";
		};
		04F4B7C11C07FA3C00DE60DE /* TestImage */ = {
			isa = PBXGroup;
			children = (
				04F4B7C21C07FA7100DE60DE /* battery@2x.png */,
				04F4B7C31C07FA7100DE60DE /* battery@3x.png */,
			);
			path = TestImage;
			sourceTree = "<group>";
		};
		04FA89B31C117E060064F3AA /* Model */ = {
			isa = PBXGroup;
			children = (
			);
			path = Model;
			sourceTree = "<group>";
		};
		04FA89B41C117E180064F3AA /* NetWork */ = {
			isa = PBXGroup;
			children = (
				04FA89B51C117E400064F3AA /* NLApiURL.h */,
				04FA89B61C117E400064F3AA /* NLDatahub.h */,
				04FA89B71C117E400064F3AA /* NLDatahub.m */,
				04FA89B81C117E400064F3AA /* NLHTTPRequestFactory.h */,
				04FA89B91C117E400064F3AA /* NLHTTPRequestFactory.m */,
				04FA89BA1C117E400064F3AA /* NLHTTPRequestOperations.h */,
				04FA89BB1C117E400064F3AA /* NLHTTPRequestOperations.m */,
			);
			path = NetWork;
			sourceTree = "<group>";
		};
		9B52667861575D0AACE7B05E /* Frameworks */ = {
			isa = PBXGroup;
			children = (
				04C995461C029D6B00D8AE79 /* CoreBluetooth.framework */,
				46E0A4932CCDD3CB9C4B5CFA /* libPods.a */,
			);
			name = Frameworks;
			sourceTree = "<group>";
		};
		BCC820979FDAB077689896CE /* Pods */ = {
			isa = PBXGroup;
			children = (
				7D156C54B110CBBF4D4804D4 /* Pods.debug.xcconfig */,
				8F50F23BC12A7C0575CA9364 /* Pods.release.xcconfig */,
			);
			name = Pods;
			sourceTree = "<group>";
		};
/* End PBXGroup section */

/* Begin PBXNativeTarget section */
		0497519B1BFEEED50044D97B /* NBlue */ = {
			isa = PBXNativeTarget;
			buildConfigurationList = 049751C91BFEEED60044D97B /* Build configuration list for PBXNativeTarget "NBlue" */;
			buildPhases = (
				C4BD0807F3DE2508FA56C16A /* Check Pods Manifest.lock */,
				049751981BFEEED50044D97B /* Sources */,
				049751991BFEEED50044D97B /* Frameworks */,
				0497519A1BFEEED50044D97B /* Resources */,
				0FC06D328FE032EE5389C1E7 /* Embed Pods Frameworks */,
				F2016A0A240FC8EE92B4736D /* Copy Pods Resources */,
			);
			buildRules = (
			);
			dependencies = (
			);
			name = NBlue;
			productName = NBlue;
			productReference = 0497519C1BFEEED50044D97B /* NBlue.app */;
			productType = "com.apple.product-type.application";
		};
		049751B41BFEEED50044D97B /* NBlueTests */ = {
			isa = PBXNativeTarget;
			buildConfigurationList = 049751CC1BFEEED60044D97B /* Build configuration list for PBXNativeTarget "NBlueTests" */;
			buildPhases = (
				049751B11BFEEED50044D97B /* Sources */,
				049751B21BFEEED50044D97B /* Frameworks */,
				049751B31BFEEED50044D97B /* Resources */,
			);
			buildRules = (
			);
			dependencies = (
				049751B71BFEEED50044D97B /* PBXTargetDependency */,
			);
			name = NBlueTests;
			productName = NBlueTests;
			productReference = 049751B51BFEEED50044D97B /* NBlueTests.xctest */;
			productType = "com.apple.product-type.bundle.unit-test";
		};
		049751BF1BFEEED60044D97B /* NBlueUITests */ = {
			isa = PBXNativeTarget;
			buildConfigurationList = 049751CF1BFEEED60044D97B /* Build configuration list for PBXNativeTarget "NBlueUITests" */;
			buildPhases = (
				049751BC1BFEEED60044D97B /* Sources */,
				049751BD1BFEEED60044D97B /* Frameworks */,
				049751BE1BFEEED60044D97B /* Resources */,
			);
			buildRules = (
			);
			dependencies = (
				049751C21BFEEED60044D97B /* PBXTargetDependency */,
			);
			name = NBlueUITests;
			productName = NBlueUITests;
			productReference = 049751C01BFEEED60044D97B /* NBlueUITests.xctest */;
			productType = "com.apple.product-type.bundle.ui-testing";
		};
/* End PBXNativeTarget section */

/* Begin PBXProject section */
		049751941BFEEED50044D97B /* Project object */ = {
			isa = PBXProject;
			attributes = {
				LastUpgradeCheck = 0710;
				ORGANIZATIONNAME = LYD;
				TargetAttributes = {
					0497519B1BFEEED50044D97B = {
						CreatedOnToolsVersion = 7.1;
						DevelopmentTeam = B2TE79W3Y8;
					};
					049751B41BFEEED50044D97B = {
						CreatedOnToolsVersion = 7.1;
						TestTargetID = 0497519B1BFEEED50044D97B;
					};
					049751BF1BFEEED60044D97B = {
						CreatedOnToolsVersion = 7.1;
						TestTargetID = 0497519B1BFEEED50044D97B;
					};
				};
			};
			buildConfigurationList = 049751971BFEEED50044D97B /* Build configuration list for PBXProject "NBlue" */;
			compatibilityVersion = "Xcode 3.2";
			developmentRegion = English;
			hasScannedForEncodings = 0;
			knownRegions = (
				en,
				Base,
				"zh-Hans",
			);
			mainGroup = 049751931BFEEED50044D97B;
			productRefGroup = 0497519D1BFEEED50044D97B /* Products */;
			projectDirPath = "";
			projectRoot = "";
			targets = (
				0497519B1BFEEED50044D97B /* NBlue */,
				049751B41BFEEED50044D97B /* NBlueTests */,
				049751BF1BFEEED60044D97B /* NBlueUITests */,
			);
		};
/* End PBXProject section */

/* Begin PBXResourcesBuildPhase section */
		0497519A1BFEEED50044D97B /* Resources */ = {
			isa = PBXResourcesBuildPhase;
			buildActionMask = 2147483647;
			files = (
				04CD23001C29221400AB467A /* Warman@2x.png in Resources */,
				04CD22FF1C29221400AB467A /* Warman-568h@2x.png in Resources */,
				04F4B7C41C07FA7100DE60DE /* battery@2x.png in Resources */,
				04CD23011C29221400AB467A /* Warman@3x.png in Resources */,
				04F3CC4F1C0434C10066D39D /* Localizable.strings in Resources */,
				049751AF1BFEEED50044D97B /* LaunchScreen.storyboard in Resources */,
				04F4B7C51C07FA7100DE60DE /* battery@3x.png in Resources */,
				049751AC1BFEEED50044D97B /* Assets.xcassets in Resources */,
				049751AA1BFEEED50044D97B /* Main.storyboard in Resources */,
			);
			runOnlyForDeploymentPostprocessing = 0;
		};
		049751B31BFEEED50044D97B /* Resources */ = {
			isa = PBXResourcesBuildPhase;
			buildActionMask = 2147483647;
			files = (
			);
			runOnlyForDeploymentPostprocessing = 0;
		};
		049751BE1BFEEED60044D97B /* Resources */ = {
			isa = PBXResourcesBuildPhase;
			buildActionMask = 2147483647;
			files = (
			);
			runOnlyForDeploymentPostprocessing = 0;
		};
/* End PBXResourcesBuildPhase section */

/* Begin PBXShellScriptBuildPhase section */
		0FC06D328FE032EE5389C1E7 /* Embed Pods Frameworks */ = {
			isa = PBXShellScriptBuildPhase;
			buildActionMask = 2147483647;
			files = (
			);
			inputPaths = (
			);
			name = "Embed Pods Frameworks";
			outputPaths = (
			);
			runOnlyForDeploymentPostprocessing = 0;
			shellPath = /bin/sh;
			shellScript = "\"${SRCROOT}/Pods/Target Support Files/Pods/Pods-frameworks.sh\"\n";
			showEnvVarsInLog = 0;
		};
		C4BD0807F3DE2508FA56C16A /* Check Pods Manifest.lock */ = {
			isa = PBXShellScriptBuildPhase;
			buildActionMask = 2147483647;
			files = (
			);
			inputPaths = (
			);
			name = "Check Pods Manifest.lock";
			outputPaths = (
			);
			runOnlyForDeploymentPostprocessing = 0;
			shellPath = /bin/sh;
			shellScript = "diff \"${PODS_ROOT}/../Podfile.lock\" \"${PODS_ROOT}/Manifest.lock\" > /dev/null\nif [[ $? != 0 ]] ; then\n    cat << EOM\nerror: The sandbox is not in sync with the Podfile.lock. Run 'pod install' or update your CocoaPods installation.\nEOM\n    exit 1\nfi\n";
			showEnvVarsInLog = 0;
		};
		F2016A0A240FC8EE92B4736D /* Copy Pods Resources */ = {
			isa = PBXShellScriptBuildPhase;
			buildActionMask = 2147483647;
			files = (
			);
			inputPaths = (
			);
			name = "Copy Pods Resources";
			outputPaths = (
			);
			runOnlyForDeploymentPostprocessing = 0;
			shellPath = /bin/sh;
			shellScript = "\"${SRCROOT}/Pods/Target Support Files/Pods/Pods-resources.sh\"\n";
			showEnvVarsInLog = 0;
		};
/* End PBXShellScriptBuildPhase section */

/* Begin PBXSourcesBuildPhase section */
		049751981BFEEED50044D97B /* Sources */ = {
			isa = PBXSourcesBuildPhase;
			buildActionMask = 2147483647;
			files = (
				048EE89D1C2A7AEB00FF5D57 /* NLHealthStepNumberCell.m in Sources */,
				049B07821C1559ED005147B5 /* NLForgetPasswordViewController.m in Sources */,
				0458E5DC1C0E985C001D0EE7 /* NLHealthMangerSleepViewController.m in Sources */,
				047BE7E91C19AB8600821F23 /* NLStepColumnImage.m in Sources */,
				04F5BB1F1C05673F00B37CE2 /* NLMyEquipmentController.m in Sources */,
				04FA89C11C117F780064F3AA /* NLHalfView.m in Sources */,
				049B07831C1559ED005147B5 /* NLLogInViewController.m in Sources */,
				04F4B7C81C082AD200DE60DE /* NLSQLData.m in Sources */,
				04FA89BD1C117E400064F3AA /* NLHTTPRequestFactory.m in Sources */,
				04F4B7D81C085C7000DE60DE /* NLAboutNLViewController.m in Sources */,
				046F188B1C0D4A0700A21FA6 /* NLColumnImage.m in Sources */,
				04F3CC801C0460120066D39D /* NLHealthStepNumber.m in Sources */,
				04FA89BE1C117E400064F3AA /* NLHTTPRequestOperations.m in Sources */,
				04C9955E1C02A56B00D8AE79 /* NLHotMoxibustionViewController.m in Sources */,
				04F3CC7D1C045F9F0066D39D /* NLHealthSleepView.m in Sources */,
				04A1519A1C0DC3B700CB93FF /* NLRing.m in Sources */,
				04F3CC611C0439280066D39D /* NLAboutImageBtn.m in Sources */,
				04F5BB701C05B51A00B37CE2 /* NLIndividuaFormatViewController.m in Sources */,
				04F04F811C06E46F009DC949 /* NLPickView.m in Sources */,
				0458E5D91C0E9832001D0EE7 /* NLHealthMangerStepNumViewController.m in Sources */,
				049751A11BFEEED50044D97B /* main.m in Sources */,
				04F7F64E1C1BFC9000466EBC /* NLGestureRecognizer.m in Sources */,
				04A151971C0DAA9700CB93FF /* NLRingLine.m in Sources */,
				04FF66871C214E8800E276E2 /* NLCalenderUncomfortable.m in Sources */,
				04FF66841C21138A00E276E2 /* NLCalenderLifeHabit.m in Sources */,
				04F4B7C01C07ED2A00DE60DE /* NLMyEquipmentCell.m in Sources */,
				044255361C1EABAE003F8503 /* NLHealtCalenderCell.m in Sources */,
				04F04F7B1C06940F009DC949 /* NLIndividuaFormaCell.m in Sources */,
				04F5BB221C05676700B37CE2 /* NLShareController.m in Sources */,
				04F4B7CF1C083AE500DE60DE /* NLCalenderPackage.m in Sources */,
				04F4B7D51C084CFB00DE60DE /* NLFeedBackViewController.m in Sources */,
				04C995551C02A40300D8AE79 /* NLRootViewController.m in Sources */,
				04C9954D1C029F2400D8AE79 /* NLBluetoothDataAnalytical.m in Sources */,
				04C9955B1C02A55000D8AE79 /* NLHealthMangerViewController.m in Sources */,
				049B077D1C1559D4005147B5 /* NLRegisteredViewController.m in Sources */,
				046934EF1C02BF5B00150D2A /* MainNavgationControllew.m in Sources */,
				04015D5F1C1FB72F00454566 /* NLHealtCalenderPeriod.m in Sources */,
				04C995581C02A51000D8AE79 /* NLSubRootViewController.m in Sources */,
				049751DF1BFEF3140044D97B /* ApplicationStyle.m in Sources */,
				04CD23121C29310100AB467A /* OLGhostAlertView.m in Sources */,
				04CDA17E1BFF119500D2A304 /* Convenlence.m in Sources */,
				049751DC1BFEF2FE0044D97B /* AppDelegate.m in Sources */,
				04C995611C02A57800D8AE79 /* NLProfileViewController.m in Sources */,
				04FA89BC1C117E400064F3AA /* NLDatahub.m in Sources */,
				04F3CC831C046D1A0066D39D /* NLHealthCalenderView.m in Sources */,
				04015D631C1FDD1800454566 /* NLCalenderPicker.m in Sources */,
				04F04F851C073AAC009DC949 /* PlistData.m in Sources */,
				04F4B7D21C083B3E00DE60DE /* NLLocalUserInfo.m in Sources */,
				04F5BB1C1C0545CC00B37CE2 /* NLProTableCell.m in Sources */,
				04FB47A41C0FDED200FAE708 /* NLStepCountLabView.m in Sources */,
				04F04F7E1C06D1D1009DC949 /* NLIndividuaEditingViewController.m in Sources */,
				046F18451C0D2D3100A21FA6 /* LYDSegmentControl.m in Sources */,
				046F18461C0D2D3100A21FA6 /* LYDSetSegmentControl.m in Sources */,
				04C9954A1C029E8300D8AE79 /* NLBluetoothAgreement.m in Sources */,
				046F188E1C0D777A00A21FA6 /* NLStepImageLabView.m in Sources */,
				04FF668A1C21578200E276E2 /* NLCalenderUncomforBtn.m in Sources */,
			);
			runOnlyForDeploymentPostprocessing = 0;
		};
		049751B11BFEEED50044D97B /* Sources */ = {
			isa = PBXSourcesBuildPhase;
			buildActionMask = 2147483647;
			files = (
				049751BA1BFEEED60044D97B /* NBlueTests.m in Sources */,
			);
			runOnlyForDeploymentPostprocessing = 0;
		};
		049751BC1BFEEED60044D97B /* Sources */ = {
			isa = PBXSourcesBuildPhase;
			buildActionMask = 2147483647;
			files = (
				049751C51BFEEED60044D97B /* NBlueUITests.m in Sources */,
			);
			runOnlyForDeploymentPostprocessing = 0;
		};
/* End PBXSourcesBuildPhase section */

/* Begin PBXTargetDependency section */
		049751B71BFEEED50044D97B /* PBXTargetDependency */ = {
			isa = PBXTargetDependency;
			target = 0497519B1BFEEED50044D97B /* NBlue */;
			targetProxy = 049751B61BFEEED50044D97B /* PBXContainerItemProxy */;
		};
		049751C21BFEEED60044D97B /* PBXTargetDependency */ = {
			isa = PBXTargetDependency;
			target = 0497519B1BFEEED50044D97B /* NBlue */;
			targetProxy = 049751C11BFEEED60044D97B /* PBXContainerItemProxy */;
		};
/* End PBXTargetDependency section */

/* Begin PBXVariantGroup section */
		049751A81BFEEED50044D97B /* Main.storyboard */ = {
			isa = PBXVariantGroup;
			children = (
				049751A91BFEEED50044D97B /* Base */,
				04F3CC531C04350D0066D39D /* zh-Hans */,
			);
			name = Main.storyboard;
			sourceTree = "<group>";
		};
		049751AD1BFEEED50044D97B /* LaunchScreen.storyboard */ = {
			isa = PBXVariantGroup;
			children = (
				049751AE1BFEEED50044D97B /* Base */,
				04F3CC541C04350D0066D39D /* zh-Hans */,
			);
			name = LaunchScreen.storyboard;
			sourceTree = "<group>";
		};
		04F3CC511C0434C10066D39D /* Localizable.strings */ = {
			isa = PBXVariantGroup;
			children = (
				04F3CC521C0434C40066D39D /* en */,
				04F3CC551C04350D0066D39D /* zh-Hans */,
			);
			name = Localizable.strings;
			sourceTree = "<group>";
		};
/* End PBXVariantGroup section */

/* Begin XCBuildConfiguration section */
		049751C71BFEEED60044D97B /* Debug */ = {
			isa = XCBuildConfiguration;
			buildSettings = {
				ALWAYS_SEARCH_USER_PATHS = NO;
				CLANG_CXX_LANGUAGE_STANDARD = "gnu++0x";
				CLANG_CXX_LIBRARY = "libc++";
				CLANG_ENABLE_MODULES = YES;
				CLANG_ENABLE_OBJC_ARC = YES;
				CLANG_WARN_BOOL_CONVERSION = YES;
				CLANG_WARN_CONSTANT_CONVERSION = YES;
				CLANG_WARN_DIRECT_OBJC_ISA_USAGE = YES_ERROR;
				CLANG_WARN_EMPTY_BODY = YES;
				CLANG_WARN_ENUM_CONVERSION = YES;
				CLANG_WARN_INT_CONVERSION = YES;
				CLANG_WARN_OBJC_ROOT_CLASS = YES_ERROR;
				CLANG_WARN_UNREACHABLE_CODE = YES;
				CLANG_WARN__DUPLICATE_METHOD_MATCH = YES;
				"CODE_SIGN_IDENTITY[sdk=iphoneos*]" = "iPhone Developer";
				COPY_PHASE_STRIP = NO;
				DEBUG_INFORMATION_FORMAT = dwarf;
				ENABLE_STRICT_OBJC_MSGSEND = YES;
				ENABLE_TESTABILITY = YES;
				GCC_C_LANGUAGE_STANDARD = gnu99;
				GCC_DYNAMIC_NO_PIC = NO;
				GCC_NO_COMMON_BLOCKS = YES;
				GCC_OPTIMIZATION_LEVEL = 0;
				GCC_PREPROCESSOR_DEFINITIONS = (
					"DEBUG=1",
					"$(inherited)",
				);
				GCC_WARN_64_TO_32_BIT_CONVERSION = YES;
				GCC_WARN_ABOUT_RETURN_TYPE = YES_ERROR;
				GCC_WARN_UNDECLARED_SELECTOR = YES;
				GCC_WARN_UNINITIALIZED_AUTOS = YES_AGGRESSIVE;
				GCC_WARN_UNUSED_FUNCTION = YES;
				GCC_WARN_UNUSED_VARIABLE = YES;
				IPHONEOS_DEPLOYMENT_TARGET = 9.1;
				MTL_ENABLE_DEBUG_INFO = YES;
				ONLY_ACTIVE_ARCH = YES;
				SDKROOT = iphoneos;
				TARGETED_DEVICE_FAMILY = "1,2";
			};
			name = Debug;
		};
		049751C81BFEEED60044D97B /* Release */ = {
			isa = XCBuildConfiguration;
			buildSettings = {
				ALWAYS_SEARCH_USER_PATHS = NO;
				CLANG_CXX_LANGUAGE_STANDARD = "gnu++0x";
				CLANG_CXX_LIBRARY = "libc++";
				CLANG_ENABLE_MODULES = YES;
				CLANG_ENABLE_OBJC_ARC = YES;
				CLANG_WARN_BOOL_CONVERSION = YES;
				CLANG_WARN_CONSTANT_CONVERSION = YES;
				CLANG_WARN_DIRECT_OBJC_ISA_USAGE = YES_ERROR;
				CLANG_WARN_EMPTY_BODY = YES;
				CLANG_WARN_ENUM_CONVERSION = YES;
				CLANG_WARN_INT_CONVERSION = YES;
				CLANG_WARN_OBJC_ROOT_CLASS = YES_ERROR;
				CLANG_WARN_UNREACHABLE_CODE = YES;
				CLANG_WARN__DUPLICATE_METHOD_MATCH = YES;
				"CODE_SIGN_IDENTITY[sdk=iphoneos*]" = "iPhone Developer";
				COPY_PHASE_STRIP = NO;
				DEBUG_INFORMATION_FORMAT = "dwarf-with-dsym";
				ENABLE_NS_ASSERTIONS = NO;
				ENABLE_STRICT_OBJC_MSGSEND = YES;
				GCC_C_LANGUAGE_STANDARD = gnu99;
				GCC_NO_COMMON_BLOCKS = YES;
				GCC_WARN_64_TO_32_BIT_CONVERSION = YES;
				GCC_WARN_ABOUT_RETURN_TYPE = YES_ERROR;
				GCC_WARN_UNDECLARED_SELECTOR = YES;
				GCC_WARN_UNINITIALIZED_AUTOS = YES_AGGRESSIVE;
				GCC_WARN_UNUSED_FUNCTION = YES;
				GCC_WARN_UNUSED_VARIABLE = YES;
				IPHONEOS_DEPLOYMENT_TARGET = 9.1;
				MTL_ENABLE_DEBUG_INFO = NO;
				SDKROOT = iphoneos;
				TARGETED_DEVICE_FAMILY = "1,2";
				VALIDATE_PRODUCT = YES;
			};
			name = Release;
		};
		049751CA1BFEEED60044D97B /* Debug */ = {
			isa = XCBuildConfiguration;
			baseConfigurationReference = 7D156C54B110CBBF4D4804D4 /* Pods.debug.xcconfig */;
			buildSettings = {
				ASSETCATALOG_COMPILER_APPICON_NAME = AppIcon;
				CODE_SIGN_IDENTITY = "iPhone Developer: Feng Liu (6568Y9JWXY)";
				"CODE_SIGN_IDENTITY[sdk=iphoneos*]" = "iPhone Developer: Feng Liu (6568Y9JWXY)";
				ENABLE_BITCODE = NO;
				GCC_PREFIX_HEADER = "$(SRCROOT)/NBlue/NLBlue.pch";
				INFOPLIST_FILE = NBlue/Info.plist;
				IPHONEOS_DEPLOYMENT_TARGET = 8.1;
				LD_RUNPATH_SEARCH_PATHS = "$(inherited) @executable_path/Frameworks";
				PRODUCT_BUNDLE_IDENTIFIER = www.pinai.NBlue;
				PRODUCT_NAME = "$(TARGET_NAME)";
				PROVISIONING_PROFILE = "2b738f47-fa1a-4200-8d50-e624b2aa1dd2";
				"PROVISIONING_PROFILE[sdk=*]" = "2b738f47-fa1a-4200-8d50-e624b2aa1dd2";
				TARGETED_DEVICE_FAMILY = 1;
				WARNING_CFLAGS = "";
			};
			name = Debug;
		};
		049751CB1BFEEED60044D97B /* Release */ = {
			isa = XCBuildConfiguration;
			baseConfigurationReference = 8F50F23BC12A7C0575CA9364 /* Pods.release.xcconfig */;
			buildSettings = {
				ASSETCATALOG_COMPILER_APPICON_NAME = AppIcon;
				CODE_SIGN_IDENTITY = "iPhone Distribution: Beijing Pin Ai Networking Technology Co., Ltd. (FW77J8F5Y3)";
				"CODE_SIGN_IDENTITY[sdk=iphoneos*]" = "iPhone Distribution: Beijing Pin Ai Networking Technology Co., Ltd. (FW77J8F5Y3)";
				ENABLE_BITCODE = NO;
				GCC_PREFIX_HEADER = "$(SRCROOT)/NBlue/NLBlue.pch";
				INFOPLIST_FILE = NBlue/Info.plist;
				IPHONEOS_DEPLOYMENT_TARGET = 8.1;
				LD_RUNPATH_SEARCH_PATHS = "$(inherited) @executable_path/Frameworks";
				PRODUCT_BUNDLE_IDENTIFIER = www.pinai.NBlue;
				PRODUCT_NAME = "$(TARGET_NAME)";
				PROVISIONING_PROFILE = "741f79ac-a1a9-4f0a-84a3-28412715a1bb";
				"PROVISIONING_PROFILE[sdk=*]" = "741f79ac-a1a9-4f0a-84a3-28412715a1bb";
				TARGETED_DEVICE_FAMILY = 1;
				WARNING_CFLAGS = "";
			};
			name = Release;
		};
		049751CD1BFEEED60044D97B /* Debug */ = {
			isa = XCBuildConfiguration;
			buildSettings = {
				BUNDLE_LOADER = "$(TEST_HOST)";
				INFOPLIST_FILE = NBlueTests/Info.plist;
				LD_RUNPATH_SEARCH_PATHS = "$(inherited) @executable_path/Frameworks @loader_path/Frameworks";
				PRODUCT_BUNDLE_IDENTIFIER = LYD.NBlueTests;
				PRODUCT_NAME = "$(TARGET_NAME)";
				TEST_HOST = "$(BUILT_PRODUCTS_DIR)/NBlue.app/NBlue";
			};
			name = Debug;
		};
		049751CE1BFEEED60044D97B /* Release */ = {
			isa = XCBuildConfiguration;
			buildSettings = {
				BUNDLE_LOADER = "$(TEST_HOST)";
				INFOPLIST_FILE = NBlueTests/Info.plist;
				LD_RUNPATH_SEARCH_PATHS = "$(inherited) @executable_path/Frameworks @loader_path/Frameworks";
				PRODUCT_BUNDLE_IDENTIFIER = LYD.NBlueTests;
				PRODUCT_NAME = "$(TARGET_NAME)";
				TEST_HOST = "$(BUILT_PRODUCTS_DIR)/NBlue.app/NBlue";
			};
			name = Release;
		};
		049751D01BFEEED60044D97B /* Debug */ = {
			isa = XCBuildConfiguration;
			buildSettings = {
				INFOPLIST_FILE = NBlueUITests/Info.plist;
				LD_RUNPATH_SEARCH_PATHS = "$(inherited) @executable_path/Frameworks @loader_path/Frameworks";
				PRODUCT_BUNDLE_IDENTIFIER = LYD.NBlueUITests;
				PRODUCT_NAME = "$(TARGET_NAME)";
				TEST_TARGET_NAME = NBlue;
				USES_XCTRUNNER = YES;
			};
			name = Debug;
		};
		049751D11BFEEED60044D97B /* Release */ = {
			isa = XCBuildConfiguration;
			buildSettings = {
				INFOPLIST_FILE = NBlueUITests/Info.plist;
				LD_RUNPATH_SEARCH_PATHS = "$(inherited) @executable_path/Frameworks @loader_path/Frameworks";
				PRODUCT_BUNDLE_IDENTIFIER = LYD.NBlueUITests;
				PRODUCT_NAME = "$(TARGET_NAME)";
				TEST_TARGET_NAME = NBlue;
				USES_XCTRUNNER = YES;
			};
			name = Release;
		};
/* End XCBuildConfiguration section */

/* Begin XCConfigurationList section */
		049751971BFEEED50044D97B /* Build configuration list for PBXProject "NBlue" */ = {
			isa = XCConfigurationList;
			buildConfigurations = (
				049751C71BFEEED60044D97B /* Debug */,
				049751C81BFEEED60044D97B /* Release */,
			);
			defaultConfigurationIsVisible = 0;
			defaultConfigurationName = Release;
		};
		049751C91BFEEED60044D97B /* Build configuration list for PBXNativeTarget "NBlue" */ = {
			isa = XCConfigurationList;
			buildConfigurations = (
				049751CA1BFEEED60044D97B /* Debug */,
				049751CB1BFEEED60044D97B /* Release */,
			);
			defaultConfigurationIsVisible = 0;
			defaultConfigurationName = Release;
		};
		049751CC1BFEEED60044D97B /* Build configuration list for PBXNativeTarget "NBlueTests" */ = {
			isa = XCConfigurationList;
			buildConfigurations = (
				049751CD1BFEEED60044D97B /* Debug */,
				049751CE1BFEEED60044D97B /* Release */,
			);
			defaultConfigurationIsVisible = 0;
			defaultConfigurationName = Release;
		};
		049751CF1BFEEED60044D97B /* Build configuration list for PBXNativeTarget "NBlueUITests" */ = {
			isa = XCConfigurationList;
			buildConfigurations = (
				049751D01BFEEED60044D97B /* Debug */,
				049751D11BFEEED60044D97B /* Release */,
			);
			defaultConfigurationIsVisible = 0;
			defaultConfigurationName = Release;
		};
/* End XCConfigurationList section */
	};
	rootObject = 049751941BFEEED50044D97B /* Project object */;
}
